
Microsoft Visual Studio Solution File, Format Version 12.00
# Visual Studio Version 17
VisualStudioVersion = 17.1.32421.90
MinimumVisualStudioVersion = 10.0.40219.1
Project("{FAE04EC0-301F-11D3-BF4B-00C04F79EFBC}") = "UserManagementApi", "UserManagementApi.csproj", "{1DD933C1-F9F7-44CD-8582-416B5FD41BD6}"
EndProject
Global
	GlobalSection(SolutionConfigurationPlatforms) = preSolution
		Debug|Any CPU = Debug|Any CPU
		Release|Any CPU = Release|Any CPU
	EndGlobalSection
	GlobalSection(ProjectConfigurationPlatforms) = postSolution
		{1DD933C1-F9F7-44CD-8582-416B5FD41BD6}.Debug|Any CPU.ActiveCfg = Debug|Any CPU
		{1DD933C1-F9F7-44CD-8582-416B5FD41BD6}.Debug|Any CPU.Build.0 = Debug|Any CPU
		{1DD933C1-F9F7-44CD-8582-416B5FD41BD6}.Release|Any CPU.ActiveCfg = Release|Any CPU
		{1DD933C1-F9F7-44CD-8582-416B5FD41BD6}.Release|Any CPU.Build.0 = Release|Any CPU
	EndGlobalSection
	GlobalSection(SolutionProperties) = preSolution
		HideSolutionNode = FALSE
	EndGlobalSection
	GlobalSection(ExtensibilityGlobals) = postSolution
		SolutionGuid = {328FDF45-3356-4109-8311-457DFE8C207C}
	EndGlobalSection
EndGlobal
